
Microsoft Visual Studio Solution File, Format Version 12.00
# Visual Studio 15
VisualStudioVersion = 15.0.28307.645
MinimumVisualStudioVersion = 10.0.40219.1
Project("{FAE04EC0-301F-11D3-BF4B-00C04F79EFBC}") = "JooksuvoistlusMVC", "JooksuvoistlusMVC\JooksuvoistlusMVC.csproj", "{2CFA4BB5-4816-4D54-B862-AF528D63D075}"
EndProject
Global
	GlobalSection(SolutionConfigurationPlatforms) = preSolution
		Debug|Any CPU = Debug|Any CPU
		Release|Any CPU = Release|Any CPU
	EndGlobalSection
	GlobalSection(ProjectConfigurationPlatforms) = postSolution
		{2CFA4BB5-4816-4D54-B862-AF528D63D075}.Debug|Any CPU.ActiveCfg = Debug|Any CPU
		{2CFA4BB5-4816-4D54-B862-AF528D63D075}.Debug|Any CPU.Build.0 = Debug|Any CPU
		{2CFA4BB5-4816-4D54-B862-AF528D63D075}.Release|Any CPU.ActiveCfg = Release|Any CPU
		{2CFA4BB5-4816-4D54-B862-AF528D63D075}.Release|Any CPU.Build.0 = Release|Any CPU
	EndGlobalSection
	GlobalSection(SolutionProperties) = preSolution
		HideSolutionNode = FALSE
	EndGlobalSection
	GlobalSection(ExtensibilityGlobals) = postSolution
		SolutionGuid = {A028F1B4-AC85-49C7-9C06-43A80CAB765C}
	EndGlobalSection
EndGlobal
